
Microsoft Visual Studio Solution File, Format Version 12.00
# Visual Studio Version 16
VisualStudioVersion = 16.0.29806.167
MinimumVisualStudioVersion = 10.0.40219.1
Project("{9A19103F-16F7-4668-BE54-9A1E7A4F7556}") = "IEC16022Sharp", "src\IEC16022Sharp\IEC16022Sharp.csproj", "{369DA257-17E1-4D9A-BCDA-0CE726C35B36}"
EndProject
Project("{FAE04EC0-301F-11D3-BF4B-00C04F79EFBC}") = "TestApp", "test\TestApp\TestApp.csproj", "{3CCA9E52-713D-4FBA-85C9-CBECC50253D2}"
EndProject
Project("{2150E333-8FDC-42A3-9474-1A3956D46DE8}") = "src", "src", "{A3D30A54-8B1A-409D-A81C-2790AE536BF3}"
	ProjectSection(SolutionItems) = preProject
		src\Directory.Build.props = src\Directory.Build.props
		src\Directory.Build.targets = src\Directory.Build.targets
	EndProjectSection
EndProject
Project("{2150E333-8FDC-42A3-9474-1A3956D46DE8}") = "test", "test", "{D2902A9D-83C2-4E8A-BBD3-4DE960F1787B}"
EndProject
Project("{2150E333-8FDC-42A3-9474-1A3956D46DE8}") = "root", "root", "{A8E72AAD-24FA-4053-AA20-95893D4A4E3C}"
	ProjectSection(SolutionItems) = preProject
		.editorconfig = .editorconfig
		.gitattributes = .gitattributes
		.gitignore = .gitignore
		Directory.Build.props = Directory.Build.props
		Directory.Build.targets = Directory.Build.targets
		History.txt = History.txt
		LICENSE = LICENSE
	EndProjectSection
EndProject
Global
	GlobalSection(SolutionConfigurationPlatforms) = preSolution
		Debug|Any CPU = Debug|Any CPU
		Release|Any CPU = Release|Any CPU
	EndGlobalSection
	GlobalSection(ProjectConfigurationPlatforms) = postSolution
		{369DA257-17E1-4D9A-BCDA-0CE726C35B36}.Debug|Any CPU.ActiveCfg = Debug|Any CPU
		{369DA257-17E1-4D9A-BCDA-0CE726C35B36}.Debug|Any CPU.Build.0 = Debug|Any CPU
		{369DA257-17E1-4D9A-BCDA-0CE726C35B36}.Release|Any CPU.ActiveCfg = Release|Any CPU
		{369DA257-17E1-4D9A-BCDA-0CE726C35B36}.Release|Any CPU.Build.0 = Release|Any CPU
		{3CCA9E52-713D-4FBA-85C9-CBECC50253D2}.Debug|Any CPU.ActiveCfg = Debug|Any CPU
		{3CCA9E52-713D-4FBA-85C9-CBECC50253D2}.Debug|Any CPU.Build.0 = Debug|Any CPU
		{3CCA9E52-713D-4FBA-85C9-CBECC50253D2}.Release|Any CPU.ActiveCfg = Release|Any CPU
		{3CCA9E52-713D-4FBA-85C9-CBECC50253D2}.Release|Any CPU.Build.0 = Release|Any CPU
	EndGlobalSection
	GlobalSection(SolutionProperties) = preSolution
		HideSolutionNode = FALSE
	EndGlobalSection
	GlobalSection(NestedProjects) = preSolution
		{369DA257-17E1-4D9A-BCDA-0CE726C35B36} = {A3D30A54-8B1A-409D-A81C-2790AE536BF3}
		{3CCA9E52-713D-4FBA-85C9-CBECC50253D2} = {D2902A9D-83C2-4E8A-BBD3-4DE960F1787B}
		{A3D30A54-8B1A-409D-A81C-2790AE536BF3} = {A8E72AAD-24FA-4053-AA20-95893D4A4E3C}
		{D2902A9D-83C2-4E8A-BBD3-4DE960F1787B} = {A8E72AAD-24FA-4053-AA20-95893D4A4E3C}
	EndGlobalSection
	GlobalSection(ExtensibilityGlobals) = postSolution
		SolutionGuid = {268B923A-45BA-4525-B75D-31D8B39AD9B7}
	EndGlobalSection
EndGlobal
